{
  "lockfileVersion": 1,
  "workspaces": {
    "": {
      "name": "websocket",
      "devDependencies": {
        "@sveltejs/adapter-node": "^5.2.12",
        "@sveltejs/kit": "^2.22.0",
        "@sveltejs/vite-plugin-svelte": "^6.0.0",
        "svelte": "^5.0.0",
        "svelte-adapter-bun": "file:../../",
        "svelte-check": "^4.0.0",
        "typescript": "^5.0.0",
        "vite": "^7.0.4",
      },
    },
  },
  "packages": {
    "@emnapi/core": ["@emnapi/core@1.5.0", "", { "dependencies": { "@emnapi/wasi-threads": "1.1.0", "tslib": "^2.4.0" } }, "sha512-sbP8GzB1WDzacS8fgNPpHlp6C9VZe+SJP3F90W9rLemaQj2PzIuTEl1qDOYQf58YIpyjViI24y9aPWCjEzY2cg=="],

    "@emnapi/runtime": ["@emnapi/runtime@1.5.0", "", { "dependencies": { "tslib": "^2.4.0" } }, "sha512-97/BJ3iXHww3djw6hYIfErCZFee7qCtrneuLa20UXFCOTCfBM2cvQHjWJ2EG0s0MtdNwInarqCTz35i4wWXHsQ=="],

    "@emnapi/wasi-threads": ["@emnapi/wasi-threads@1.1.0", "", { "dependencies": { "tslib": "^2.4.0" } }, "sha512-WI0DdZ8xFSbgMjR1sFsKABJ/C5OnRrjT06JXbZKexJGrDuPTzZdDYfFlsgcCXCyf+suG5QU2e/y1Wo2V/OapLQ=="],

    "@esbuild/aix-ppc64": ["@esbuild/aix-ppc64@0.25.10", "", { "os": "aix", "cpu": "ppc64" }, "sha512-0NFWnA+7l41irNuaSVlLfgNT12caWJVLzp5eAVhZ0z1qpxbockccEt3s+149rE64VUI3Ml2zt8Nv5JVc4QXTsw=="],

    "@esbuild/android-arm": ["@esbuild/android-arm@0.25.10", "", { "os": "android", "cpu": "arm" }, "sha512-dQAxF1dW1C3zpeCDc5KqIYuZ1tgAdRXNoZP7vkBIRtKZPYe2xVr/d3SkirklCHudW1B45tGiUlz2pUWDfbDD4w=="],

    "@esbuild/android-arm64": ["@esbuild/android-arm64@0.25.10", "", { "os": "android", "cpu": "arm64" }, "sha512-LSQa7eDahypv/VO6WKohZGPSJDq5OVOo3UoFR1E4t4Gj1W7zEQMUhI+lo81H+DtB+kP+tDgBp+M4oNCwp6kffg=="],

    "@esbuild/android-x64": ["@esbuild/android-x64@0.25.10", "", { "os": "android", "cpu": "x64" }, "sha512-MiC9CWdPrfhibcXwr39p9ha1x0lZJ9KaVfvzA0Wxwz9ETX4v5CHfF09bx935nHlhi+MxhA63dKRRQLiVgSUtEg=="],

    "@esbuild/darwin-arm64": ["@esbuild/darwin-arm64@0.25.10", "", { "os": "darwin", "cpu": "arm64" }, "sha512-JC74bdXcQEpW9KkV326WpZZjLguSZ3DfS8wrrvPMHgQOIEIG/sPXEN/V8IssoJhbefLRcRqw6RQH2NnpdprtMA=="],

    "@esbuild/darwin-x64": ["@esbuild/darwin-x64@0.25.10", "", { "os": "darwin", "cpu": "x64" }, "sha512-tguWg1olF6DGqzws97pKZ8G2L7Ig1vjDmGTwcTuYHbuU6TTjJe5FXbgs5C1BBzHbJ2bo1m3WkQDbWO2PvamRcg=="],

    "@esbuild/freebsd-arm64": ["@esbuild/freebsd-arm64@0.25.10", "", { "os": "freebsd", "cpu": "arm64" }, "sha512-3ZioSQSg1HT2N05YxeJWYR+Libe3bREVSdWhEEgExWaDtyFbbXWb49QgPvFH8u03vUPX10JhJPcz7s9t9+boWg=="],

    "@esbuild/freebsd-x64": ["@esbuild/freebsd-x64@0.25.10", "", { "os": "freebsd", "cpu": "x64" }, "sha512-LLgJfHJk014Aa4anGDbh8bmI5Lk+QidDmGzuC2D+vP7mv/GeSN+H39zOf7pN5N8p059FcOfs2bVlrRr4SK9WxA=="],

    "@esbuild/linux-arm": ["@esbuild/linux-arm@0.25.10", "", { "os": "linux", "cpu": "arm" }, "sha512-oR31GtBTFYCqEBALI9r6WxoU/ZofZl962pouZRTEYECvNF/dtXKku8YXcJkhgK/beU+zedXfIzHijSRapJY3vg=="],

    "@esbuild/linux-arm64": ["@esbuild/linux-arm64@0.25.10", "", { "os": "linux", "cpu": "arm64" }, "sha512-5luJWN6YKBsawd5f9i4+c+geYiVEw20FVW5x0v1kEMWNq8UctFjDiMATBxLvmmHA4bf7F6hTRaJgtghFr9iziQ=="],

    "@esbuild/linux-ia32": ["@esbuild/linux-ia32@0.25.10", "", { "os": "linux", "cpu": "ia32" }, "sha512-NrSCx2Kim3EnnWgS4Txn0QGt0Xipoumb6z6sUtl5bOEZIVKhzfyp/Lyw4C1DIYvzeW/5mWYPBFJU3a/8Yr75DQ=="],

    "@esbuild/linux-loong64": ["@esbuild/linux-loong64@0.25.10", "", { "os": "linux", "cpu": "none" }, "sha512-xoSphrd4AZda8+rUDDfD9J6FUMjrkTz8itpTITM4/xgerAZZcFW7Dv+sun7333IfKxGG8gAq+3NbfEMJfiY+Eg=="],

    "@esbuild/linux-mips64el": ["@esbuild/linux-mips64el@0.25.10", "", { "os": "linux", "cpu": "none" }, "sha512-ab6eiuCwoMmYDyTnyptoKkVS3k8fy/1Uvq7Dj5czXI6DF2GqD2ToInBI0SHOp5/X1BdZ26RKc5+qjQNGRBelRA=="],

    "@esbuild/linux-ppc64": ["@esbuild/linux-ppc64@0.25.10", "", { "os": "linux", "cpu": "ppc64" }, "sha512-NLinzzOgZQsGpsTkEbdJTCanwA5/wozN9dSgEl12haXJBzMTpssebuXR42bthOF3z7zXFWH1AmvWunUCkBE4EA=="],

    "@esbuild/linux-riscv64": ["@esbuild/linux-riscv64@0.25.10", "", { "os": "linux", "cpu": "none" }, "sha512-FE557XdZDrtX8NMIeA8LBJX3dC2M8VGXwfrQWU7LB5SLOajfJIxmSdyL/gU1m64Zs9CBKvm4UAuBp5aJ8OgnrA=="],

    "@esbuild/linux-s390x": ["@esbuild/linux-s390x@0.25.10", "", { "os": "linux", "cpu": "s390x" }, "sha512-3BBSbgzuB9ajLoVZk0mGu+EHlBwkusRmeNYdqmznmMc9zGASFjSsxgkNsqmXugpPk00gJ0JNKh/97nxmjctdew=="],

    "@esbuild/linux-x64": ["@esbuild/linux-x64@0.25.10", "", { "os": "linux", "cpu": "x64" }, "sha512-QSX81KhFoZGwenVyPoberggdW1nrQZSvfVDAIUXr3WqLRZGZqWk/P4T8p2SP+de2Sr5HPcvjhcJzEiulKgnxtA=="],

    "@esbuild/netbsd-arm64": ["@esbuild/netbsd-arm64@0.25.10", "", { "os": "none", "cpu": "arm64" }, "sha512-AKQM3gfYfSW8XRk8DdMCzaLUFB15dTrZfnX8WXQoOUpUBQ+NaAFCP1kPS/ykbbGYz7rxn0WS48/81l9hFl3u4A=="],

    "@esbuild/netbsd-x64": ["@esbuild/netbsd-x64@0.25.10", "", { "os": "none", "cpu": "x64" }, "sha512-7RTytDPGU6fek/hWuN9qQpeGPBZFfB4zZgcz2VK2Z5VpdUxEI8JKYsg3JfO0n/Z1E/6l05n0unDCNc4HnhQGig=="],

    "@esbuild/openbsd-arm64": ["@esbuild/openbsd-arm64@0.25.10", "", { "os": "openbsd", "cpu": "arm64" }, "sha512-5Se0VM9Wtq797YFn+dLimf2Zx6McttsH2olUBsDml+lm0GOCRVebRWUvDtkY4BWYv/3NgzS8b/UM3jQNh5hYyw=="],

    "@esbuild/openbsd-x64": ["@esbuild/openbsd-x64@0.25.10", "", { "os": "openbsd", "cpu": "x64" }, "sha512-XkA4frq1TLj4bEMB+2HnI0+4RnjbuGZfet2gs/LNs5Hc7D89ZQBHQ0gL2ND6Lzu1+QVkjp3x1gIcPKzRNP8bXw=="],

    "@esbuild/openharmony-arm64": ["@esbuild/openharmony-arm64@0.25.10", "", { "os": "none", "cpu": "arm64" }, "sha512-AVTSBhTX8Y/Fz6OmIVBip9tJzZEUcY8WLh7I59+upa5/GPhh2/aM6bvOMQySspnCCHvFi79kMtdJS1w0DXAeag=="],

    "@esbuild/sunos-x64": ["@esbuild/sunos-x64@0.25.10", "", { "os": "sunos", "cpu": "x64" }, "sha512-fswk3XT0Uf2pGJmOpDB7yknqhVkJQkAQOcW/ccVOtfx05LkbWOaRAtn5SaqXypeKQra1QaEa841PgrSL9ubSPQ=="],

    "@esbuild/win32-arm64": ["@esbuild/win32-arm64@0.25.10", "", { "os": "win32", "cpu": "arm64" }, "sha512-ah+9b59KDTSfpaCg6VdJoOQvKjI33nTaQr4UluQwW7aEwZQsbMCfTmfEO4VyewOxx4RaDT/xCy9ra2GPWmO7Kw=="],

    "@esbuild/win32-ia32": ["@esbuild/win32-ia32@0.25.10", "", { "os": "win32", "cpu": "ia32" }, "sha512-QHPDbKkrGO8/cz9LKVnJU22HOi4pxZnZhhA2HYHez5Pz4JeffhDjf85E57Oyco163GnzNCVkZK0b/n4Y0UHcSw=="],

    "@esbuild/win32-x64": ["@esbuild/win32-x64@0.25.10", "", { "os": "win32", "cpu": "x64" }, "sha512-9KpxSVFCu0iK1owoez6aC/s/EdUQLDN3adTxGCqxMVhrPDj6bt5dbrHDXUuq+Bs2vATFBBrQS5vdQ/Ed2P+nbw=="],

    "@jridgewell/gen-mapping": ["@jridgewell/gen-mapping@0.3.13", "", { "dependencies": { "@jridgewell/sourcemap-codec": "^1.5.0", "@jridgewell/trace-mapping": "^0.3.24" } }, "sha512-2kkt/7niJ6MgEPxF0bYdQ6etZaA+fQvDcLKckhy1yIQOzaoKjBBjSj63/aLVjYE3qhRt5dvM+uUyfCg6UKCBbA=="],

    "@jridgewell/remapping": ["@jridgewell/remapping@2.3.5", "", { "dependencies": { "@jridgewell/gen-mapping": "^0.3.5", "@jridgewell/trace-mapping": "^0.3.24" } }, "sha512-LI9u/+laYG4Ds1TDKSJW2YPrIlcVYOwi2fUC6xB43lueCjgxV4lffOCZCtYFiH6TNOX+tQKXx97T4IKHbhyHEQ=="],

    "@jridgewell/resolve-uri": ["@jridgewell/resolve-uri@3.1.2", "", {}, "sha512-bRISgCIjP20/tbWSPWMEi54QVPRZExkuD9lJL+UIxUKtwVJA8wW1Trb1jMs1RFXo1CBTNZ/5hpC9QvmKWdopKw=="],

    "@jridgewell/sourcemap-codec": ["@jridgewell/sourcemap-codec@1.5.5", "", {}, "sha512-cYQ9310grqxueWbl+WuIUIaiUaDcj7WOq5fVhEljNVgRfOUhY9fy2zTvfoqWsnebh8Sl70VScFbICvJnLKB0Og=="],

    "@jridgewell/trace-mapping": ["@jridgewell/trace-mapping@0.3.31", "", { "dependencies": { "@jridgewell/resolve-uri": "^3.1.0", "@jridgewell/sourcemap-codec": "^1.4.14" } }, "sha512-zzNR+SdQSDJzc8joaeP8QQoCQr8NuYx2dIIytl1QeBEZHJ9uW6hebsrYgbz8hJwUQao3TWCMtmfV8Nu1twOLAw=="],

    "@napi-rs/wasm-runtime": ["@napi-rs/wasm-runtime@1.0.5", "", { "dependencies": { "@emnapi/core": "^1.5.0", "@emnapi/runtime": "^1.5.0", "@tybys/wasm-util": "^0.10.1" } }, "sha512-TBr9Cf9onSAS2LQ2+QHx6XcC6h9+RIzJgbqG3++9TUZSH204AwEy5jg3BTQ0VATsyoGj4ee49tN/y6rvaOOtcg=="],

    "@oxc-project/types": ["@oxc-project/types@0.89.0", "", {}, "sha512-yuo+ECPIW5Q9mSeNmCDC2im33bfKuwW18mwkaHMQh8KakHYDzj4ci/q7wxf2qS3dMlVVCIyrs3kFtH5LmnlYnw=="],

    "@polka/url": ["@polka/url@1.0.0-next.29", "", {}, "sha512-wwQAWhWSuHaag8c4q/KN/vCoeOJYshAIvMQwD4GpSb3OiZklFfvAgmj0VCBBImRpuF/aFgIRzllXlVX93Jevww=="],

    "@rolldown/binding-android-arm64": ["@rolldown/binding-android-arm64@1.0.0-beta.38", "", { "os": "android", "cpu": "arm64" }, "sha512-AE3HFQrjWCKLFZD1Vpiy+qsqTRwwoil1oM5WsKPSmfQ5fif/A+ZtOZetF32erZdsR7qyvns6qHEteEsF6g6rsQ=="],

    "@rolldown/binding-darwin-arm64": ["@rolldown/binding-darwin-arm64@1.0.0-beta.38", "", { "os": "darwin", "cpu": "arm64" }, "sha512-RaoWOKc0rrFsVmKOjQpebMY6c6/I7GR1FBc25v7L/R7NlM0166mUotwGEv7vxu7ruXH4SJcFeVrfADFUUXUmmQ=="],

    "@rolldown/binding-darwin-x64": ["@rolldown/binding-darwin-x64@1.0.0-beta.38", "", { "os": "darwin", "cpu": "x64" }, "sha512-Ymojqc2U35iUc8NFU2XX1WQPfBRRHN6xHcrxAf9WS8BFFBn8pDrH5QPvH1tYs3lDkw6UGGbanr1RGzARqdUp1g=="],

    "@rolldown/binding-freebsd-x64": ["@rolldown/binding-freebsd-x64@1.0.0-beta.38", "", { "os": "freebsd", "cpu": "x64" }, "sha512-0ermTQ//WzSI0nOL3z/LUWMNiE9xeM5cLGxjewPFEexqxV/0uM8/lNp9QageQ8jfc/VO1OURsGw34HYO5PaL8w=="],

    "@rolldown/binding-linux-arm-gnueabihf": ["@rolldown/binding-linux-arm-gnueabihf@1.0.0-beta.38", "", { "os": "linux", "cpu": "arm" }, "sha512-GADxzVUTCTp6EWI52831A29Tt7PukFe94nhg/SUsfkI33oTiNQtPxyLIT/3oRegizGuPSZSlrdBurkjDwxyEUQ=="],

    "@rolldown/binding-linux-arm64-gnu": ["@rolldown/binding-linux-arm64-gnu@1.0.0-beta.38", "", { "os": "linux", "cpu": "arm64" }, "sha512-SKO7Exl5Yem/OSNoA5uLHzyrptUQ8Hg70kHDxuwEaH0+GUg+SQe9/7PWmc4hFKBMrJGdQtii8WZ0uIz9Dofg5Q=="],

    "@rolldown/binding-linux-arm64-musl": ["@rolldown/binding-linux-arm64-musl@1.0.0-beta.38", "", { "os": "linux", "cpu": "arm64" }, "sha512-SOo6+WqhXPBaShLxLT0eCgH17d3Yu1lMAe4mFP0M9Bvr/kfMSOPQXuLxBcbBU9IFM9w3N6qP9xWOHO+oUJvi8Q=="],

    "@rolldown/binding-linux-x64-gnu": ["@rolldown/binding-linux-x64-gnu@1.0.0-beta.38", "", { "os": "linux", "cpu": "x64" }, "sha512-yvsQ3CyrodOX+lcoi+lejZGCOvJZa9xTsNB8OzpMDmHeZq3QzJfpYjXSAS6vie70fOkLVJb77UqYO193Cl8XBQ=="],

    "@rolldown/binding-linux-x64-musl": ["@rolldown/binding-linux-x64-musl@1.0.0-beta.38", "", { "os": "linux", "cpu": "x64" }, "sha512-84qzKMwUwikfYeOuJ4Kxm/3z15rt0nFGGQArHYIQQNSTiQdxGHxOkqXtzPFqrVfBJUdxBAf+jYzR1pttFJuWyg=="],

    "@rolldown/binding-openharmony-arm64": ["@rolldown/binding-openharmony-arm64@1.0.0-beta.38", "", { "os": "none", "cpu": "arm64" }, "sha512-QrNiWlce01DYH0rL8K3yUBu+lNzY+B0DyCbIc2Atan6/S6flxOL0ow5DLQvMamOI/oKhrJ4xG+9MkMb9dDHbLQ=="],

    "@rolldown/binding-wasm32-wasi": ["@rolldown/binding-wasm32-wasi@1.0.0-beta.38", "", { "dependencies": { "@napi-rs/wasm-runtime": "^1.0.5" }, "cpu": "none" }, "sha512-fnLtHyjwEsG4/aNV3Uv3Qd1ZbdH+CopwJNoV0RgBqrcQB8V6/Qdikd5JKvnO23kb3QvIpP+dAMGZMv1c2PJMzw=="],

    "@rolldown/binding-win32-arm64-msvc": ["@rolldown/binding-win32-arm64-msvc@1.0.0-beta.38", "", { "os": "win32", "cpu": "arm64" }, "sha512-19cTfnGedem+RY+znA9J6ARBOCEFD4YSjnx0p5jiTm9tR6pHafRfFIfKlTXhun+NL0WWM/M0eb2IfPPYUa8+wg=="],

    "@rolldown/binding-win32-ia32-msvc": ["@rolldown/binding-win32-ia32-msvc@1.0.0-beta.38", "", { "os": "win32", "cpu": "ia32" }, "sha512-HcICm4YzFJZV+fI0O0bFLVVlsWvRNo/AB9EfUXvNYbtAxakCnQZ15oq22deFdz6sfi9Y4/SagH2kPU723dhCFA=="],

    "@rolldown/binding-win32-x64-msvc": ["@rolldown/binding-win32-x64-msvc@1.0.0-beta.38", "", { "os": "win32", "cpu": "x64" }, "sha512-4Qx6cgEPXLb0XsCyLoQcUgYBpfL0sjugftob+zhUH0EOk/NVCAIT+h0NJhY+jn7pFpeKxhNMqhvTNx3AesxIAQ=="],

    "@rolldown/pluginutils": ["@rolldown/pluginutils@1.0.0-beta.38", "", {}, "sha512-N/ICGKleNhA5nc9XXQG/kkKHJ7S55u0x0XUJbbkmdCnFuoRkM1Il12q9q0eX19+M7KKUEPw/daUPIRnxhcxAIw=="],

    "@rollup/plugin-commonjs": ["@rollup/plugin-commonjs@28.0.6", "", { "dependencies": { "@rollup/pluginutils": "^5.0.1", "commondir": "^1.0.1", "estree-walker": "^2.0.2", "fdir": "^6.2.0", "is-reference": "1.2.1", "magic-string": "^0.30.3", "picomatch": "^4.0.2" }, "peerDependencies": { "rollup": "^2.68.0||^3.0.0||^4.0.0" }, "optionalPeers": ["rollup"] }, "sha512-XSQB1K7FUU5QP+3lOQmVCE3I0FcbbNvmNT4VJSj93iUjayaARrTQeoRdiYQoftAJBLrR9t2agwAd3ekaTgHNlw=="],

    "@rollup/plugin-json": ["@rollup/plugin-json@6.1.0", "", { "dependencies": { "@rollup/pluginutils": "^5.1.0" }, "peerDependencies": { "rollup": "^1.20.0||^2.0.0||^3.0.0||^4.0.0" }, "optionalPeers": ["rollup"] }, "sha512-EGI2te5ENk1coGeADSIwZ7G2Q8CJS2sF120T7jLw4xFw9n7wIOXHo+kIYRAoVpJAN+kmqZSoO3Fp4JtoNF4ReA=="],

    "@rollup/plugin-node-resolve": ["@rollup/plugin-node-resolve@16.0.1", "", { "dependencies": { "@rollup/pluginutils": "^5.0.1", "@types/resolve": "1.20.2", "deepmerge": "^4.2.2", "is-module": "^1.0.0", "resolve": "^1.22.1" }, "peerDependencies": { "rollup": "^2.78.0||^3.0.0||^4.0.0" }, "optionalPeers": ["rollup"] }, "sha512-tk5YCxJWIG81umIvNkSod2qK5KyQW19qcBF/B78n1bjtOON6gzKoVeSzAE8yHCZEDmqkHKkxplExA8KzdJLJpA=="],

    "@rollup/pluginutils": ["@rollup/pluginutils@5.3.0", "", { "dependencies": { "@types/estree": "^1.0.0", "estree-walker": "^2.0.2", "picomatch": "^4.0.2" }, "peerDependencies": { "rollup": "^1.20.0||^2.0.0||^3.0.0||^4.0.0" }, "optionalPeers": ["rollup"] }, "sha512-5EdhGZtnu3V88ces7s53hhfK5KSASnJZv8Lulpc04cWO3REESroJXg73DFsOmgbU2BhwV0E20bu2IDZb3VKW4Q=="],

    "@rollup/rollup-android-arm-eabi": ["@rollup/rollup-android-arm-eabi@4.51.0", "", { "os": "android", "cpu": "arm" }, "sha512-VyfldO8T/C5vAXBGIobrAnUE+VJNVLw5z9h4NgSDq/AJZWt/fXqdW+0PJbk+M74xz7yMDRiHtlsuDV7ew6K20w=="],

    "@rollup/rollup-android-arm64": ["@rollup/rollup-android-arm64@4.51.0", "", { "os": "android", "cpu": "arm64" }, "sha512-Z3ujzDZgsEVSokgIhmOAReh9SGT2qloJJX2Xo1Q3nPU1EhCXrV0PbpR3r7DWRgozqnjrPZQkLe5cgBPIYp70Vg=="],

    "@rollup/rollup-darwin-arm64": ["@rollup/rollup-darwin-arm64@4.51.0", "", { "os": "darwin", "cpu": "arm64" }, "sha512-T3gskHgArUdR6TCN69li5VELVAZK+iQ4iwMoSMNYixoj+56EC9lTj35rcxhXzIJt40YfBkvDy3GS+t5zh7zM6g=="],

    "@rollup/rollup-darwin-x64": ["@rollup/rollup-darwin-x64@4.51.0", "", { "os": "darwin", "cpu": "x64" }, "sha512-Hh7n/fh0g5UjH6ATDF56Qdf5bzdLZKIbhp5KftjMYG546Ocjeyg15dxphCpH1FFY2PJ2G6MiOVL4jMq5VLTyrQ=="],

    "@rollup/rollup-freebsd-arm64": ["@rollup/rollup-freebsd-arm64@4.51.0", "", { "os": "freebsd", "cpu": "arm64" }, "sha512-0EddADb6FBvfqYoxwVom3hAbAvpSVUbZqmR1wmjk0MSZ06hn/UxxGHKRqEQDMkts7XiZjejVB+TLF28cDTU+gA=="],

    "@rollup/rollup-freebsd-x64": ["@rollup/rollup-freebsd-x64@4.51.0", "", { "os": "freebsd", "cpu": "x64" }, "sha512-MpqaEDLo3JuVPF+wWV4mK7V8akL76WCz8ndfz1aVB7RhvXFO3k7yT7eu8OEuog4VTSyNu5ibvN9n6lgjq/qLEQ=="],

    "@rollup/rollup-linux-arm-gnueabihf": ["@rollup/rollup-linux-arm-gnueabihf@4.51.0", "", { "os": "linux", "cpu": "arm" }, "sha512-WEWAGFNFFpvSWAIT3MYvxTkYHv/cJl9yWKpjhheg7ONfB0hetZt/uwBnM3GZqSHrk5bXCDYTFXg3jQyk/j7eXQ=="],

    "@rollup/rollup-linux-arm-musleabihf": ["@rollup/rollup-linux-arm-musleabihf@4.51.0", "", { "os": "linux", "cpu": "arm" }, "sha512-9bxtxj8QoAp++LOq5PGDGkEEOpCDk9rOEHUcXadnijedDH8IXrBt6PnBa4Y6NblvGWdoxvXZYghZLaliTCmAng=="],

    "@rollup/rollup-linux-arm64-gnu": ["@rollup/rollup-linux-arm64-gnu@4.51.0", "", { "os": "linux", "cpu": "arm64" }, "sha512-DdqA+fARqIsfqDYkKo2nrWMp0kvu/wPJ2G8lZ4DjYhn+8QhrjVuzmsh7tTkhULwjvHTN59nWVzAixmOi6rqjNA=="],

    "@rollup/rollup-linux-arm64-musl": ["@rollup/rollup-linux-arm64-musl@4.51.0", "", { "os": "linux", "cpu": "arm64" }, "sha512-2XVRNzcUJE1UJua8P4a1GXS5jafFWE+pQ6zhUbZzptOu/70p1F6+0FTi6aGPd6jNtnJqGMjtBCXancC2dhYlWw=="],

    "@rollup/rollup-linux-loong64-gnu": ["@rollup/rollup-linux-loong64-gnu@4.51.0", "", { "os": "linux", "cpu": "none" }, "sha512-R8QhY0kLIPCAVXWi2yftDSpn7Jtejey/WhMoBESSfwGec5SKdFVupjxFlKoQ7clVRuaDpiQf7wNx3EBZf4Ey6g=="],

    "@rollup/rollup-linux-ppc64-gnu": ["@rollup/rollup-linux-ppc64-gnu@4.51.0", "", { "os": "linux", "cpu": "ppc64" }, "sha512-I498RPfxx9cMv1KTHQ9tg2Ku1utuQm+T5B+Xro+WNu3FzAFSKp4awKfgMoZwjoPgNbaFGINaOM25cQW6WuBhiQ=="],

    "@rollup/rollup-linux-riscv64-gnu": ["@rollup/rollup-linux-riscv64-gnu@4.51.0", "", { "os": "linux", "cpu": "none" }, "sha512-o8COudsb8lvtdm9ixg9aKjfX5aeoc2x9KGE7WjtrmQFquoCRZ9jtzGlonujE4WhvXFepTraWzT4RcwyDDeHXjA=="],

    "@rollup/rollup-linux-riscv64-musl": ["@rollup/rollup-linux-riscv64-musl@4.51.0", "", { "os": "linux", "cpu": "none" }, "sha512-0shJPgSXMdYzOQzpM5BJN2euXY1f8uV8mS6AnrbMcH2KrkNsbpMxWB1wp8UEdiJ1NtyBkCk3U/HfX5mEONBq6w=="],

    "@rollup/rollup-linux-s390x-gnu": ["@rollup/rollup-linux-s390x-gnu@4.51.0", "", { "os": "linux", "cpu": "s390x" }, "sha512-L7pV+ny7865jamSCQwyozBYjFRUKaTsPqDz7ClOtJCDu4paf2uAa0mrcHwSt4XxZP2ogFZS9uuitH3NXdeBEJA=="],

    "@rollup/rollup-linux-x64-gnu": ["@rollup/rollup-linux-x64-gnu@4.51.0", "", { "os": "linux", "cpu": "x64" }, "sha512-4YHhP+Rv3T3+H3TPbUvWOw5tuSwhrVhkHHZhk4hC9VXeAOKR26/IsUAT4FsB4mT+kfIdxxb1BezQDEg/voPO8A=="],

    "@rollup/rollup-linux-x64-musl": ["@rollup/rollup-linux-x64-musl@4.51.0", "", { "os": "linux", "cpu": "x64" }, "sha512-P7U7U03+E5w7WgJtvSseNLOX1UhknVPmEaqgUENFWfNxNBa1OhExT6qYGmyF8gepcxWSaSfJsAV5UwhWrYefdQ=="],

    "@rollup/rollup-openharmony-arm64": ["@rollup/rollup-openharmony-arm64@4.51.0", "", { "os": "none", "cpu": "arm64" }, "sha512-FuD8g3u9W6RPwdO1R45hZFORwa1g9YXEMesAKP/sOi7mDqxjbni8S3zAXJiDcRfGfGBqpRYVuH54Gu3FTuSoEw=="],

    "@rollup/rollup-win32-arm64-msvc": ["@rollup/rollup-win32-arm64-msvc@4.51.0", "", { "os": "win32", "cpu": "arm64" }, "sha512-zST+FdMCX3QAYfmZX3dp/Fy8qLUetfE17QN5ZmmFGPrhl86qvRr+E9u2bk7fzkIXsfQR30Z7ZRS7WMryPPn4rQ=="],

    "@rollup/rollup-win32-ia32-msvc": ["@rollup/rollup-win32-ia32-msvc@4.51.0", "", { "os": "win32", "cpu": "ia32" }, "sha512-U+qhoCVAZmTHCmUKxdQxw1jwAFNFXmOpMME7Npt5GTb1W/7itfgAgNluVOvyeuSeqW+dEQLFuNZF3YZPO8XkMg=="],

    "@rollup/rollup-win32-x64-msvc": ["@rollup/rollup-win32-x64-msvc@4.51.0", "", { "os": "win32", "cpu": "x64" }, "sha512-z6UpFzMhXSD8NNUfCi2HO+pbpSzSWIIPgb1TZsEZjmZYtk6RUIC63JYjlFBwbBZS3jt3f1q6IGfkj3g+GnBt2Q=="],

    "@standard-schema/spec": ["@standard-schema/spec@1.0.0", "", {}, "sha512-m2bOd0f2RT9k8QJx1JN85cZYyH1RqFBdlwtkSlf4tBDYLCiiZnv1fIIwacK6cqwXavOydf0NPToMQgpKq+dVlA=="],

    "@sveltejs/acorn-typescript": ["@sveltejs/acorn-typescript@1.0.5", "", { "peerDependencies": { "acorn": "^8.9.0" } }, "sha512-IwQk4yfwLdibDlrXVE04jTZYlLnwsTT2PIOQQGNLWfjavGifnk1JD1LcZjZaBTRcxZu2FfPfNLOE04DSu9lqtQ=="],

    "@sveltejs/adapter-node": ["@sveltejs/adapter-node@5.3.2", "", { "dependencies": { "@rollup/plugin-commonjs": "^28.0.1", "@rollup/plugin-json": "^6.1.0", "@rollup/plugin-node-resolve": "^16.0.0", "rollup": "^4.9.5" }, "peerDependencies": { "@sveltejs/kit": "^2.4.0" } }, "sha512-nBJSipMb1KLjnAM7uzb+YpnA1VWKb+WdR+0mXEnXI6K1A3XYWbjkcjnW20ubg07sicK8XaGY/FAX3PItw39qBQ=="],

    "@sveltejs/kit": ["@sveltejs/kit@2.42.2", "", { "dependencies": { "@standard-schema/spec": "^1.0.0", "@sveltejs/acorn-typescript": "^1.0.5", "@types/cookie": "^0.6.0", "acorn": "^8.14.1", "cookie": "^0.6.0", "devalue": "^5.3.2", "esm-env": "^1.2.2", "kleur": "^4.1.5", "magic-string": "^0.30.5", "mrmime": "^2.0.0", "sade": "^1.8.1", "set-cookie-parser": "^2.6.0", "sirv": "^3.0.0" }, "peerDependencies": { "@opentelemetry/api": "^1.0.0", "@sveltejs/vite-plugin-svelte": "^3.0.0 || ^4.0.0-next.1 || ^5.0.0 || ^6.0.0-next.0", "svelte": "^4.0.0 || ^5.0.0-next.0", "vite": "^5.0.3 || ^6.0.0 || ^7.0.0-beta.0" }, "optionalPeers": ["@opentelemetry/api"], "bin": { "svelte-kit": "svelte-kit.js" } }, "sha512-FcNICFvlSYjPiAgk8BpqTEnXkaUj6I6wDwpQBxKMpsYhUc2Q5STgsVpXOG5LqwFpUAoLAXQ4wdWul7EcAG67JQ=="],

    "@sveltejs/vite-plugin-svelte": ["@sveltejs/vite-plugin-svelte@6.2.0", "", { "dependencies": { "@sveltejs/vite-plugin-svelte-inspector": "^5.0.0", "debug": "^4.4.1", "deepmerge": "^4.3.1", "magic-string": "^0.30.17", "vitefu": "^1.1.1" }, "peerDependencies": { "svelte": "^5.0.0", "vite": "^6.3.0 || ^7.0.0" } }, "sha512-nJsV36+o7rZUDlrnSduMNl11+RoDE1cKqOI0yUEBCcqFoAZOk47TwD3dPKS2WmRutke9StXnzsPBslY7prDM9w=="],

    "@sveltejs/vite-plugin-svelte-inspector": ["@sveltejs/vite-plugin-svelte-inspector@5.0.1", "", { "dependencies": { "debug": "^4.4.1" }, "peerDependencies": { "@sveltejs/vite-plugin-svelte": "^6.0.0-next.0", "svelte": "^5.0.0", "vite": "^6.3.0 || ^7.0.0" } }, "sha512-ubWshlMk4bc8mkwWbg6vNvCeT7lGQojE3ijDh3QTR6Zr/R+GXxsGbyH4PExEPpiFmqPhYiVSVmHBjUcVc1JIrA=="],

    "@tybys/wasm-util": ["@tybys/wasm-util@0.10.1", "", { "dependencies": { "tslib": "^2.4.0" } }, "sha512-9tTaPJLSiejZKx+Bmog4uSubteqTvFrVrURwkmHixBo0G4seD0zUxp98E1DzUBJxLQ3NPwXrGKDiVjwx/DpPsg=="],

    "@types/bun": ["@types/bun@1.2.22", "", { "dependencies": { "bun-types": "1.2.22" } }, "sha512-5A/KrKos2ZcN0c6ljRSOa1fYIyCKhZfIVYeuyb4snnvomnpFqC0tTsEkdqNxbAgExV384OETQ//WAjl3XbYqQA=="],

    "@types/cookie": ["@types/cookie@0.6.0", "", {}, "sha512-4Kh9a6B2bQciAhf7FSuMRRkUWecJgJu9nPnx3yzpsfXX/c50REIqpHY4C82bXP90qrLtXtkDxTZosYO3UpOwlA=="],

    "@types/estree": ["@types/estree@1.0.8", "", {}, "sha512-dWHzHa2WqEXI/O1E9OjrocMTKJl2mSrEolh1Iomrv6U+JuNwaHXsXx9bLu5gG7BUWFIN0skIQJQ/L1rIex4X6w=="],

    "@types/node": ["@types/node@24.5.2", "", { "dependencies": { "undici-types": "~7.12.0" } }, "sha512-FYxk1I7wPv3K2XBaoyH2cTnocQEu8AOZ60hPbsyukMPLv5/5qr7V1i8PLHdl6Zf87I+xZXFvPCXYjiTFq+YSDQ=="],

    "@types/react": ["@types/react@19.1.13", "", { "dependencies": { "csstype": "^3.0.2" } }, "sha512-hHkbU/eoO3EG5/MZkuFSKmYqPbSVk5byPFa3e7y/8TybHiLMACgI8seVYlicwk7H5K/rI2px9xrQp/C+AUDTiQ=="],

    "@types/resolve": ["@types/resolve@1.20.2", "", {}, "sha512-60BCwRFOZCQhDncwQdxxeOEEkbc5dIMccYLwbxsS4TUNeVECQ/pBJ0j09mrHOl/JJvpRPGwO9SvE4nR2Nb/a4Q=="],

    "acorn": ["acorn@8.15.0", "", { "bin": { "acorn": "bin/acorn" } }, "sha512-NZyJarBfL7nWwIq+FDL6Zp/yHEhePMNnnJ0y3qfieCrmNvYct8uvtiV41UvlSe6apAfk0fY1FbWx+NwfmpvtTg=="],

    "ansi-escapes": ["ansi-escapes@7.1.0", "", { "dependencies": { "environment": "^1.0.0" } }, "sha512-YdhtCd19sKRKfAAUsrcC1wzm4JuzJoiX4pOJqIoW2qmKj5WzG/dL8uUJ0361zaXtHqK7gEhOwtAtz7t3Yq3X5g=="],

    "ansi-regex": ["ansi-regex@6.2.2", "", {}, "sha512-Bq3SmSpyFHaWjPk8If9yc6svM8c56dB5BAtW4Qbw5jHTwwXXcTLoRMkpDJp6VL0XzlWaCHTXrkFURMYmD0sLqg=="],

    "ansi-styles": ["ansi-styles@6.2.3", "", {}, "sha512-4Dj6M28JB+oAH8kFkTLUo+a2jwOFkuqb3yucU0CANcRRUbxS0cP0nZYCGjcc3BNXwRIsUVmDGgzawme7zvJHvg=="],

    "ansis": ["ansis@4.1.0", "", {}, "sha512-BGcItUBWSMRgOCe+SVZJ+S7yTRG0eGt9cXAHev72yuGcY23hnLA7Bky5L/xLyPINoSN95geovfBkqoTlNZYa7w=="],

    "aria-query": ["aria-query@5.3.2", "", {}, "sha512-COROpnaoap1E2F000S62r6A60uHZnmlvomhfyT2DlTcrY1OrBKn2UhH7qn5wTC9zMvD0AY7csdPSNwKP+7WiQw=="],

    "axobject-query": ["axobject-query@4.1.0", "", {}, "sha512-qIj0G9wZbMGNLjLmg1PT6v2mE9AH2zlnADJD/2tC6E00hgmhUOfEB6greHPAfLRSufHqROIUTkw6E+M3lH0PTQ=="],

    "braces": ["braces@3.0.3", "", { "dependencies": { "fill-range": "^7.1.1" } }, "sha512-yQbXgO/OSZVD2IsiLlro+7Hf6Q18EJrKSEsdoMzKePKXct3gvD8oLcOQdIzGupr5Fj+EDe8gO/lxc1BzfMpxvA=="],

    "bun-types": ["bun-types@1.2.22", "", { "dependencies": { "@types/node": "*" }, "peerDependencies": { "@types/react": "^19" } }, "sha512-hwaAu8tct/Zn6Zft4U9BsZcXkYomzpHJX28ofvx7k0Zz2HNz54n1n+tDgxoWFGB4PcFvJXJQloPhaV2eP3Q6EA=="],

    "chalk": ["chalk@5.6.2", "", {}, "sha512-7NzBL0rN6fMUW+f7A6Io4h40qQlG+xGmtMxfbnH/K7TAtt8JQWVQK+6g0UXKMeVJoyV5EkkNsErQ8pVD3bLHbA=="],

    "chokidar": ["chokidar@4.0.3", "", { "dependencies": { "readdirp": "^4.0.1" } }, "sha512-Qgzu8kfBvo+cA4962jnP1KkS6Dop5NS6g7R5LFYJr4b8Ub94PPQXUksCw9PvXoeXPRRddRNC5C1JQUR2SMGtnA=="],

    "cli-cursor": ["cli-cursor@5.0.0", "", { "dependencies": { "restore-cursor": "^5.0.0" } }, "sha512-aCj4O5wKyszjMmDT4tZj93kxyydN/K5zPWSCe6/0AV/AA1pqe5ZBIw0a2ZfPQV7lL5/yb5HsUreJ6UFAF1tEQw=="],

    "cli-truncate": ["cli-truncate@5.1.0", "", { "dependencies": { "slice-ansi": "^7.1.0", "string-width": "^8.0.0" } }, "sha512-7JDGG+4Zp0CsknDCedl0DYdaeOhc46QNpXi3NLQblkZpXXgA6LncLDUUyvrjSvZeF3VRQa+KiMGomazQrC1V8g=="],

    "clsx": ["clsx@2.1.1", "", {}, "sha512-eYm0QWBtUrBWZWG0d386OGAw16Z995PiOVo2B7bjWSbHedGl5e0ZWaq65kOGgUSNesEIDkB9ISbTg/JK9dhCZA=="],

    "colorette": ["colorette@2.0.20", "", {}, "sha512-IfEDxwoWIjkeXL1eXcDiow4UbKjhLdq6/EuSVR9GMN7KVH3r9gQ83e73hsz1Nd1T3ijd5xv1wcWRYO+D6kCI2w=="],

    "commander": ["commander@14.0.1", "", {}, "sha512-2JkV3gUZUVrbNA+1sjBOYLsMZ5cEEl8GTFP2a4AVz5hvasAMCQ1D2l2le/cX+pV4N6ZU17zjUahLpIXRrnWL8A=="],

    "commondir": ["commondir@1.0.1", "", {}, "sha512-W9pAhw0ja1Edb5GVdIF1mjZw/ASI0AlShXM83UUGe2DVr5TdAPEA1OA8m/g8zWp9x6On7gqufY+FatDbC3MDQg=="],

    "cookie": ["cookie@0.6.0", "", {}, "sha512-U71cyTamuh1CRNCfpGY6to28lxvNwPG4Guz/EVjgf3Jmzv0vlDp1atT9eS5dDjMYHucpHbWns6Lwf3BKz6svdw=="],

    "csstype": ["csstype@3.1.3", "", {}, "sha512-M1uQkMl8rQK/szD0LNhtqxIPLpimGm8sOBwU7lLnCpSbTyY3yeU1Vc7l4KT5zT4s/yOxHH5O7tIuuLOCnLADRw=="],

    "debug": ["debug@4.4.3", "", { "dependencies": { "ms": "^2.1.3" } }, "sha512-RGwwWnwQvkVfavKVt22FGLw+xYSdzARwm0ru6DhTVA3umU5hZc28V3kO4stgYryrTlLpuvgI9GiijltAjNbcqA=="],

    "deepmerge": ["deepmerge@4.3.1", "", {}, "sha512-3sUqbMEc77XqpdNO7FRyRog+eW3ph+GYCbj+rK+uYyRMuwsVy0rMiVtPn+QJlKFvWP/1PYpapqYn0Me2knFn+A=="],

    "devalue": ["devalue@5.3.2", "", {}, "sha512-UDsjUbpQn9kvm68slnrs+mfxwFkIflOhkanmyabZ8zOYk8SMEIbJ3TK+88g70hSIeytu4y18f0z/hYHMTrXIWw=="],

    "emoji-regex": ["emoji-regex@10.5.0", "", {}, "sha512-lb49vf1Xzfx080OKA0o6l8DQQpV+6Vg95zyCJX9VB/BqKYlhG7N4wgROUUHRA+ZPUefLnteQOad7z1kT2bV7bg=="],

    "environment": ["environment@1.1.0", "", {}, "sha512-xUtoPkMggbz0MPyPiIWr1Kp4aeWJjDZ6SMvURhimjdZgsRuDplF5/s9hcgGhyXMhs+6vpnuoiZ2kFiu3FMnS8Q=="],

    "esbuild": ["esbuild@0.25.10", "", { "optionalDependencies": { "@esbuild/aix-ppc64": "0.25.10", "@esbuild/android-arm": "0.25.10", "@esbuild/android-arm64": "0.25.10", "@esbuild/android-x64": "0.25.10", "@esbuild/darwin-arm64": "0.25.10", "@esbuild/darwin-x64": "0.25.10", "@esbuild/freebsd-arm64": "0.25.10", "@esbuild/freebsd-x64": "0.25.10", "@esbuild/linux-arm": "0.25.10", "@esbuild/linux-arm64": "0.25.10", "@esbuild/linux-ia32": "0.25.10", "@esbuild/linux-loong64": "0.25.10", "@esbuild/linux-mips64el": "0.25.10", "@esbuild/linux-ppc64": "0.25.10", "@esbuild/linux-riscv64": "0.25.10", "@esbuild/linux-s390x": "0.25.10", "@esbuild/linux-x64": "0.25.10", "@esbuild/netbsd-arm64": "0.25.10", "@esbuild/netbsd-x64": "0.25.10", "@esbuild/openbsd-arm64": "0.25.10", "@esbuild/openbsd-x64": "0.25.10", "@esbuild/openharmony-arm64": "0.25.10", "@esbuild/sunos-x64": "0.25.10", "@esbuild/win32-arm64": "0.25.10", "@esbuild/win32-ia32": "0.25.10", "@esbuild/win32-x64": "0.25.10" }, "bin": { "esbuild": "bin/esbuild" } }, "sha512-9RiGKvCwaqxO2owP61uQ4BgNborAQskMR6QusfWzQqv7AZOg5oGehdY2pRJMTKuwxd1IDBP4rSbI5lHzU7SMsQ=="],

    "esm-env": ["esm-env@1.2.2", "", {}, "sha512-Epxrv+Nr/CaL4ZcFGPJIYLWFom+YeV1DqMLHJoEd9SYRxNbaFruBwfEX/kkHUJf55j2+TUbmDcmuilbP1TmXHA=="],

    "esrap": ["esrap@2.1.0", "", { "dependencies": { "@jridgewell/sourcemap-codec": "^1.4.15" } }, "sha512-yzmPNpl7TBbMRC5Lj2JlJZNPml0tzqoqP5B1JXycNUwtqma9AKCO0M2wHrdgsHcy1WRW7S9rJknAMtByg3usgA=="],

    "estree-walker": ["estree-walker@2.0.2", "", {}, "sha512-Rfkk/Mp/DL7JVje3u18FxFujQlTNR2q6QfMSMB7AvCBx91NGj/ba3kCfza0f6dVDbw7YlRf/nDrn7pQrCCyQ/w=="],

    "eventemitter3": ["eventemitter3@5.0.1", "", {}, "sha512-GWkBvjiSZK87ELrYOSESUYeVIc9mvLLf/nXalMOS5dYrgZq9o5OVkbZAVM06CVxYsCwH9BDZFPlQTlPA1j4ahA=="],

    "fdir": ["fdir@6.5.0", "", { "peerDependencies": { "picomatch": "^3 || ^4" }, "optionalPeers": ["picomatch"] }, "sha512-tIbYtZbucOs0BRGqPJkshJUYdL+SDH7dVM8gjy+ERp3WAUjLEFJE+02kanyHtwjWOnwrKYBiwAmM0p4kLJAnXg=="],

    "fill-range": ["fill-range@7.1.1", "", { "dependencies": { "to-regex-range": "^5.0.1" } }, "sha512-YsGpe3WHLK8ZYi4tWDg2Jy3ebRz2rXowDxnld4bkQB00cc/1Zw9AWnC0i9ztDJitivtQvaI9KaLyKrc+hBW0yg=="],

    "fsevents": ["fsevents@2.3.3", "", { "os": "darwin" }, "sha512-5xoDfX+fL7faATnagmWPpbFtwh/R77WmMMqqHGS65C3vvB0YHrgF+B1YmZ3441tMj5n63k0212XNoJwzlhffQw=="],

    "function-bind": ["function-bind@1.1.2", "", {}, "sha512-7XHNxH7qX9xG5mIwxkhumTox/MIRNcOgDrxWsMt2pAr23WHp6MrRlN7FBSFpCpr+oVO0F744iUgR82nJMfG2SA=="],

    "get-east-asian-width": ["get-east-asian-width@1.4.0", "", {}, "sha512-QZjmEOC+IT1uk6Rx0sX22V6uHWVwbdbxf1faPqJ1QhLdGgsRGCZoyaQBm/piRdJy/D2um6hM1UP7ZEeQ4EkP+Q=="],

    "hasown": ["hasown@2.0.2", "", { "dependencies": { "function-bind": "^1.1.2" } }, "sha512-0hJU9SCPvmMzIBdZFqNPXWa6dqh7WdH0cII9y+CyS8rG3nL48Bclra9HmKhVVUHyPWNH5Y7xDwAB7bfgSjkUMQ=="],

    "husky": ["husky@9.1.7", "", { "bin": { "husky": "bin.js" } }, "sha512-5gs5ytaNjBrh5Ow3zrvdUUY+0VxIuWVL4i9irt6friV+BqdCfmV11CQTWMiBYWHbXhco+J1kHfTOUkePhCDvMA=="],

    "is-core-module": ["is-core-module@2.16.1", "", { "dependencies": { "hasown": "^2.0.2" } }, "sha512-UfoeMA6fIJ8wTYFEUjelnaGI67v6+N7qXJEvQuIGa99l4xsCruSYOVSQ0uPANn4dAzm8lkYPaKLrrijLq7x23w=="],

    "is-fullwidth-code-point": ["is-fullwidth-code-point@5.1.0", "", { "dependencies": { "get-east-asian-width": "^1.3.1" } }, "sha512-5XHYaSyiqADb4RnZ1Bdad6cPp8Toise4TzEjcOYDHZkTCbKgiUl7WTUCpNWHuxmDt91wnsZBc9xinNzopv3JMQ=="],

    "is-module": ["is-module@1.0.0", "", {}, "sha512-51ypPSPCoTEIN9dy5Oy+h4pShgJmPCygKfyRCISBI+JoWT/2oJvK8QPxmwv7b/p239jXrm9M1mlQbyKJ5A152g=="],

    "is-number": ["is-number@7.0.0", "", {}, "sha512-41Cifkg6e8TylSpdtTpeLVMqvSBEVzTttHvERD741+pnZ8ANv0004MRL43QKPDlK9cGvNp6NZWZUBlbGXYxxng=="],

    "is-reference": ["is-reference@3.0.3", "", { "dependencies": { "@types/estree": "^1.0.6" } }, "sha512-ixkJoqQvAP88E6wLydLGGqCJsrFUnqoH6HnaczB8XmDH1oaWU+xxdptvikTgaEhtZ53Ky6YXiBuUI2WXLMCwjw=="],

    "kleur": ["kleur@4.1.5", "", {}, "sha512-o+NO+8WrRiQEE4/7nwRJhN1HWpVmJm511pBHUxPLtp0BUISzlBplORYSmTclCnJvQq2tKu/sgl3xVpkc7ZWuQQ=="],

    "lilconfig": ["lilconfig@3.1.3", "", {}, "sha512-/vlFKAoH5Cgt3Ie+JLhRbwOsCQePABiU3tJ1egGvyQ+33R/vcwM2Zl2QR/LzjsBeItPt3oSVXapn+m4nQDvpzw=="],

    "lint-staged": ["lint-staged@16.1.6", "", { "dependencies": { "chalk": "^5.6.0", "commander": "^14.0.0", "debug": "^4.4.1", "lilconfig": "^3.1.3", "listr2": "^9.0.3", "micromatch": "^4.0.8", "nano-spawn": "^1.0.2", "pidtree": "^0.6.0", "string-argv": "^0.3.2", "yaml": "^2.8.1" }, "bin": { "lint-staged": "bin/lint-staged.js" } }, "sha512-U4kuulU3CKIytlkLlaHcGgKscNfJPNTiDF2avIUGFCv7K95/DCYQ7Ra62ydeRWmgQGg9zJYw2dzdbztwJlqrow=="],

    "listr2": ["listr2@9.0.4", "", { "dependencies": { "cli-truncate": "^5.0.0", "colorette": "^2.0.20", "eventemitter3": "^5.0.1", "log-update": "^6.1.0", "rfdc": "^1.4.1", "wrap-ansi": "^9.0.0" } }, "sha512-1wd/kpAdKRLwv7/3OKC8zZ5U8e/fajCfWMxacUvB79S5nLrYGPtUI/8chMQhn3LQjsRVErTb9i1ECAwW0ZIHnQ=="],

    "locate-character": ["locate-character@3.0.0", "", {}, "sha512-SW13ws7BjaeJ6p7Q6CO2nchbYEc3X3J6WrmTTDto7yMPqVSZTUyY5Tjbid+Ab8gLnATtygYtiDIJGQRRn2ZOiA=="],

    "log-update": ["log-update@6.1.0", "", { "dependencies": { "ansi-escapes": "^7.0.0", "cli-cursor": "^5.0.0", "slice-ansi": "^7.1.0", "strip-ansi": "^7.1.0", "wrap-ansi": "^9.0.0" } }, "sha512-9ie8ItPR6tjY5uYJh8K/Zrv/RMZ5VOlOWvtZdEHYSTFKZfIBPQa9tOAEeAWhd+AnIneLJ22w5fjOYtoutpWq5w=="],

    "magic-string": ["magic-string@0.30.19", "", { "dependencies": { "@jridgewell/sourcemap-codec": "^1.5.5" } }, "sha512-2N21sPY9Ws53PZvsEpVtNuSW+ScYbQdp4b9qUaL+9QkHUrGFKo56Lg9Emg5s9V/qrtNBmiR01sYhUOwu3H+VOw=="],

    "micromatch": ["micromatch@4.0.8", "", { "dependencies": { "braces": "^3.0.3", "picomatch": "^2.3.1" } }, "sha512-PXwfBhYu0hBCPw8Dn0E+WDYb7af3dSLVWKi3HGv84IdF4TyFoC0ysxFd0Goxw7nSv4T/PzEJQxsYsEiFCKo2BA=="],

    "mimic-function": ["mimic-function@5.0.1", "", {}, "sha512-VP79XUPxV2CigYP3jWwAUFSku2aKqBH7uTAapFWCBqutsbmDo96KY5o8uh6U+/YSIn5OxJnXp73beVkpqMIGhA=="],

    "mri": ["mri@1.2.0", "", {}, "sha512-tzzskb3bG8LvYGFF/mDTpq3jpI6Q9wc3LEmBaghu+DdCssd1FakN7Bc0hVNmEyGq1bq3RgfkCb3cmQLpNPOroA=="],

    "mrmime": ["mrmime@2.0.1", "", {}, "sha512-Y3wQdFg2Va6etvQ5I82yUhGdsKrcYox6p7FfL1LbK2J4V01F9TGlepTIhnK24t7koZibmg82KGglhA1XK5IsLQ=="],

    "ms": ["ms@2.1.3", "", {}, "sha512-6FlzubTLZG3J2a/NVCAleEhjzq5oxgHyaCU9yYXvcLsvoVaHJq/s5xXI6/XXP6tz7R9xAOtHnSO/tXtF3WRTlA=="],

    "nano-spawn": ["nano-spawn@1.0.3", "", {}, "sha512-jtpsQDetTnvS2Ts1fiRdci5rx0VYws5jGyC+4IYOTnIQ/wwdf6JdomlHBwqC3bJYOvaKu0C2GSZ1A60anrYpaA=="],

    "nanoid": ["nanoid@3.3.11", "", { "bin": { "nanoid": "bin/nanoid.cjs" } }, "sha512-N8SpfPUnUp1bK+PMYW8qSWdl9U+wwNWI4QKxOYDy9JAro3WMX7p2OeVRF9v+347pnakNevPmiHhNmZ2HbFA76w=="],

    "onetime": ["onetime@7.0.0", "", { "dependencies": { "mimic-function": "^5.0.0" } }, "sha512-VXJjc87FScF88uafS3JllDgvAm+c/Slfz06lorj2uAY34rlUu0Nt+v8wreiImcrgAjjIHp1rXpTDlLOGw29WwQ=="],

    "path-parse": ["path-parse@1.0.7", "", {}, "sha512-LDJzPVEEEPR+y48z93A0Ed0yXb8pAByGWo/k5YYdYgpY2/2EsOsksJrq7lOHxryrVOn1ejG6oAp8ahvOIQD8sw=="],

    "picocolors": ["picocolors@1.1.1", "", {}, "sha512-xceH2snhtb5M9liqDsmEw56le376mTZkEX/jEb/RxNFyegNul7eNslCXP9FDj/Lcu0X8KEyMceP2ntpaHrDEVA=="],

    "picomatch": ["picomatch@4.0.3", "", {}, "sha512-5gTmgEY/sqK6gFXLIsQNH19lWb4ebPDLA4SdLP7dsWkIXHWlG66oPuVvXSGFPppYZz8ZDZq0dYYrbHfBCVUb1Q=="],

    "pidtree": ["pidtree@0.6.0", "", { "bin": { "pidtree": "bin/pidtree.js" } }, "sha512-eG2dWTVw5bzqGRztnHExczNxt5VGsE6OwTeCG3fdUf9KBsZzO3R5OIIIzWR+iZA0NtZ+RDVdaoE2dK1cn6jH4g=="],

    "postcss": ["postcss@8.5.6", "", { "dependencies": { "nanoid": "^3.3.11", "picocolors": "^1.1.1", "source-map-js": "^1.2.1" } }, "sha512-3Ybi1tAuwAP9s0r1UQ2J4n5Y0G05bJkpUIO0/bI9MhwmD70S5aTWbXGBwxHrelT+XM1k6dM0pk+SwNkpTRN7Pg=="],

    "prettier": ["prettier@3.6.2", "", { "bin": { "prettier": "bin/prettier.cjs" } }, "sha512-I7AIg5boAr5R0FFtJ6rCfD+LFsWHp81dolrFD8S79U9tb8Az2nGrJncnMSnys+bpQJfRUzqs9hnA81OAA3hCuQ=="],

    "readdirp": ["readdirp@4.1.2", "", {}, "sha512-GDhwkLfywWL2s6vEjyhri+eXmfH6j1L7JE27WhqLeYzoh/A3DBaYGEj2H/HFZCn/kMfim73FXxEJTw06WtxQwg=="],

    "resolve": ["resolve@1.22.10", "", { "dependencies": { "is-core-module": "^2.16.0", "path-parse": "^1.0.7", "supports-preserve-symlinks-flag": "^1.0.0" }, "bin": { "resolve": "bin/resolve" } }, "sha512-NPRy+/ncIMeDlTAsuqwKIiferiawhefFJtkNSW0qZJEqMEb+qBt/77B/jGeeek+F0uOeN05CDa6HXbbIgtVX4w=="],

    "restore-cursor": ["restore-cursor@5.1.0", "", { "dependencies": { "onetime": "^7.0.0", "signal-exit": "^4.1.0" } }, "sha512-oMA2dcrw6u0YfxJQXm342bFKX/E4sG9rbTzO9ptUcR/e8A33cHuvStiYOwH7fszkZlZ1z/ta9AAoPk2F4qIOHA=="],

    "rfdc": ["rfdc@1.4.1", "", {}, "sha512-q1b3N5QkRUWUl7iyylaaj3kOpIT0N2i9MqIEQXP73GVsN9cw3fdx8X63cEmWhJGi2PPCF23Ijp7ktmd39rawIA=="],

    "rolldown": ["rolldown@1.0.0-beta.38", "", { "dependencies": { "@oxc-project/types": "=0.89.0", "@rolldown/pluginutils": "1.0.0-beta.38", "ansis": "^4.0.0" }, "optionalDependencies": { "@rolldown/binding-android-arm64": "1.0.0-beta.38", "@rolldown/binding-darwin-arm64": "1.0.0-beta.38", "@rolldown/binding-darwin-x64": "1.0.0-beta.38", "@rolldown/binding-freebsd-x64": "1.0.0-beta.38", "@rolldown/binding-linux-arm-gnueabihf": "1.0.0-beta.38", "@rolldown/binding-linux-arm64-gnu": "1.0.0-beta.38", "@rolldown/binding-linux-arm64-musl": "1.0.0-beta.38", "@rolldown/binding-linux-x64-gnu": "1.0.0-beta.38", "@rolldown/binding-linux-x64-musl": "1.0.0-beta.38", "@rolldown/binding-openharmony-arm64": "1.0.0-beta.38", "@rolldown/binding-wasm32-wasi": "1.0.0-beta.38", "@rolldown/binding-win32-arm64-msvc": "1.0.0-beta.38", "@rolldown/binding-win32-ia32-msvc": "1.0.0-beta.38", "@rolldown/binding-win32-x64-msvc": "1.0.0-beta.38" }, "bin": { "rolldown": "bin/cli.mjs" } }, "sha512-58frPNX55Je1YsyrtPJv9rOSR3G5efUZpRqok94Efsj0EUa8dnqJV3BldShyI7A+bVPleucOtzXHwVpJRcR0kQ=="],

    "rollup": ["rollup@4.51.0", "", { "dependencies": { "@types/estree": "1.0.8" }, "optionalDependencies": { "@rollup/rollup-android-arm-eabi": "4.51.0", "@rollup/rollup-android-arm64": "4.51.0", "@rollup/rollup-darwin-arm64": "4.51.0", "@rollup/rollup-darwin-x64": "4.51.0", "@rollup/rollup-freebsd-arm64": "4.51.0", "@rollup/rollup-freebsd-x64": "4.51.0", "@rollup/rollup-linux-arm-gnueabihf": "4.51.0", "@rollup/rollup-linux-arm-musleabihf": "4.51.0", "@rollup/rollup-linux-arm64-gnu": "4.51.0", "@rollup/rollup-linux-arm64-musl": "4.51.0", "@rollup/rollup-linux-loong64-gnu": "4.51.0", "@rollup/rollup-linux-ppc64-gnu": "4.51.0", "@rollup/rollup-linux-riscv64-gnu": "4.51.0", "@rollup/rollup-linux-riscv64-musl": "4.51.0", "@rollup/rollup-linux-s390x-gnu": "4.51.0", "@rollup/rollup-linux-x64-gnu": "4.51.0", "@rollup/rollup-linux-x64-musl": "4.51.0", "@rollup/rollup-openharmony-arm64": "4.51.0", "@rollup/rollup-win32-arm64-msvc": "4.51.0", "@rollup/rollup-win32-ia32-msvc": "4.51.0", "@rollup/rollup-win32-x64-msvc": "4.51.0", "fsevents": "~2.3.2" }, "bin": { "rollup": "dist/bin/rollup" } }, "sha512-7cR0XWrdp/UAj2HMY/Y4QQEUjidn3l2AY1wSeZoFjMbD8aOMPoV9wgTFYbrJpPzzvejDEini1h3CiUP8wLzxQA=="],

    "sade": ["sade@1.8.1", "", { "dependencies": { "mri": "^1.1.0" } }, "sha512-xal3CZX1Xlo/k4ApwCFrHVACi9fBqJ7V+mwhBsuf/1IOKbBy098Fex+Wa/5QMubw09pSZ/u8EY8PWgevJsXp1A=="],

    "set-cookie-parser": ["set-cookie-parser@2.7.1", "", {}, "sha512-IOc8uWeOZgnb3ptbCURJWNjWUPcO3ZnTTdzsurqERrP6nPyv+paC55vJM0LpOlT2ne+Ix+9+CRG1MNLlyZ4GjQ=="],

    "signal-exit": ["signal-exit@4.1.0", "", {}, "sha512-bzyZ1e88w9O1iNJbKnOlvYTrWPDl46O1bG0D3XInv+9tkPrxrN8jUUTiFlDkkmKWgn1M6CfIA13SuGqOa9Korw=="],

    "sirv": ["sirv@3.0.2", "", { "dependencies": { "@polka/url": "^1.0.0-next.24", "mrmime": "^2.0.0", "totalist": "^3.0.0" } }, "sha512-2wcC/oGxHis/BoHkkPwldgiPSYcpZK3JU28WoMVv55yHJgcZ8rlXvuG9iZggz+sU1d4bRgIGASwyWqjxu3FM0g=="],

    "slice-ansi": ["slice-ansi@7.1.2", "", { "dependencies": { "ansi-styles": "^6.2.1", "is-fullwidth-code-point": "^5.0.0" } }, "sha512-iOBWFgUX7caIZiuutICxVgX1SdxwAVFFKwt1EvMYYec/NWO5meOJ6K5uQxhrYBdQJne4KxiqZc+KptFOWFSI9w=="],

    "source-map-js": ["source-map-js@1.2.1", "", {}, "sha512-UXWMKhLOwVKb728IUtQPXxfYU+usdybtUrK/8uGE8CQMvrhOpwvzDBwj0QhSL7MQc7vIsISBG8VQ8+IDQxpfQA=="],

    "string-argv": ["string-argv@0.3.2", "", {}, "sha512-aqD2Q0144Z+/RqG52NeHEkZauTAUWJO8c6yTftGJKO3Tja5tUgIfmIl6kExvhtxSDP7fXB6DvzkfMpCd/F3G+Q=="],

    "string-width": ["string-width@8.1.0", "", { "dependencies": { "get-east-asian-width": "^1.3.0", "strip-ansi": "^7.1.0" } }, "sha512-Kxl3KJGb/gxkaUMOjRsQ8IrXiGW75O4E3RPjFIINOVH8AMl2SQ/yWdTzWwF3FevIX9LcMAjJW+GRwAlAbTSXdg=="],

    "strip-ansi": ["strip-ansi@7.1.2", "", { "dependencies": { "ansi-regex": "^6.0.1" } }, "sha512-gmBGslpoQJtgnMAvOVqGZpEz9dyoKTCzy2nfz/n8aIFhN/jCE/rCmcxabB6jOOHV+0WNnylOxaxBQPSvcWklhA=="],

    "supports-preserve-symlinks-flag": ["supports-preserve-symlinks-flag@1.0.0", "", {}, "sha512-ot0WnXS9fgdkgIcePe6RHNk1WA8+muPa6cSjeR3V8K27q9BB1rTE3R1p7Hv0z1ZyAc8s6Vvv8DIyWf681MAt0w=="],

    "svelte": ["svelte@5.39.2", "", { "dependencies": { "@jridgewell/remapping": "^2.3.4", "@jridgewell/sourcemap-codec": "^1.5.0", "@sveltejs/acorn-typescript": "^1.0.5", "@types/estree": "^1.0.5", "acorn": "^8.12.1", "aria-query": "^5.3.1", "axobject-query": "^4.1.0", "clsx": "^2.1.1", "esm-env": "^1.2.1", "esrap": "^2.1.0", "is-reference": "^3.0.3", "locate-character": "^3.0.0", "magic-string": "^0.30.11", "zimmerframe": "^1.1.2" } }, "sha512-x4Me4TgiNprpLugcXyKbcGQhHdjWpITZzSeegv3jjIyA4jObVKBhNchGGDv257Eeolg3vUUSa4n2HGFMYNaPvg=="],

    "svelte-adapter-bun": ["svelte-adapter-bun@file:../..", { "dependencies": { "rolldown": "^1.0.0-beta.38" }, "devDependencies": { "@types/bun": "latest", "husky": "^9.1.7", "lint-staged": "^16.1.6", "prettier": "3.6.2", "sirv": "file:packages/sirv" }, "peerDependencies": { "@sveltejs/kit": "^2.4.0", "typescript": "^5" } }],

    "svelte-check": ["svelte-check@4.3.1", "", { "dependencies": { "@jridgewell/trace-mapping": "^0.3.25", "chokidar": "^4.0.1", "fdir": "^6.2.0", "picocolors": "^1.0.0", "sade": "^1.7.4" }, "peerDependencies": { "svelte": "^4.0.0 || ^5.0.0-next.0", "typescript": ">=5.0.0" }, "bin": { "svelte-check": "bin/svelte-check" } }, "sha512-lkh8gff5gpHLjxIV+IaApMxQhTGnir2pNUAqcNgeKkvK5bT/30Ey/nzBxNLDlkztCH4dP7PixkMt9SWEKFPBWg=="],

    "tinyglobby": ["tinyglobby@0.2.15", "", { "dependencies": { "fdir": "^6.5.0", "picomatch": "^4.0.3" } }, "sha512-j2Zq4NyQYG5XMST4cbs02Ak8iJUdxRM0XI5QyxXuZOzKOINmWurp3smXu3y5wDcJrptwpSjgXHzIQxR0omXljQ=="],

    "to-regex-range": ["to-regex-range@5.0.1", "", { "dependencies": { "is-number": "^7.0.0" } }, "sha512-65P7iz6X5yEr1cwcgvQxbbIw7Uk3gOy5dIdtZ4rDveLqhrdJP+Li/Hx6tyK0NEb+2GCyneCMJiGqrADCSNk8sQ=="],

    "totalist": ["totalist@3.0.1", "", {}, "sha512-sf4i37nQ2LBx4m3wB74y+ubopq6W/dIzXg0FDGjsYnZHVa1Da8FH853wlL2gtUhg+xJXjfk3kUZS3BRoQeoQBQ=="],

    "tslib": ["tslib@2.8.1", "", {}, "sha512-oJFu94HQb+KVduSUQL7wnpmqnfmLsOA/nAh6b6EH0wCEoK0/mPeXU6c3wKDV83MkOuHPRHtSXKKU99IBazS/2w=="],

    "typescript": ["typescript@5.9.2", "", { "bin": { "tsc": "bin/tsc", "tsserver": "bin/tsserver" } }, "sha512-CWBzXQrc/qOkhidw1OzBTQuYRbfyxDXJMVJ1XNwUHGROVmuaeiEm3OslpZ1RV96d7SKKjZKrSJu3+t/xlw3R9A=="],

    "undici-types": ["undici-types@7.12.0", "", {}, "sha512-goOacqME2GYyOZZfb5Lgtu+1IDmAlAEu5xnD3+xTzS10hT0vzpf0SPjkXwAw9Jm+4n/mQGDP3LO8CPbYROeBfQ=="],

    "vite": ["vite@7.1.6", "", { "dependencies": { "esbuild": "^0.25.0", "fdir": "^6.5.0", "picomatch": "^4.0.3", "postcss": "^8.5.6", "rollup": "^4.43.0", "tinyglobby": "^0.2.15" }, "optionalDependencies": { "fsevents": "~2.3.3" }, "peerDependencies": { "@types/node": "^20.19.0 || >=22.12.0", "jiti": ">=1.21.0", "less": "^4.0.0", "lightningcss": "^1.21.0", "sass": "^1.70.0", "sass-embedded": "^1.70.0", "stylus": ">=0.54.8", "sugarss": "^5.0.0", "terser": "^5.16.0", "tsx": "^4.8.1", "yaml": "^2.4.2" }, "optionalPeers": ["@types/node", "jiti", "less", "lightningcss", "sass", "sass-embedded", "stylus", "sugarss", "terser", "tsx", "yaml"], "bin": { "vite": "bin/vite.js" } }, "sha512-SRYIB8t/isTwNn8vMB3MR6E+EQZM/WG1aKmmIUCfDXfVvKfc20ZpamngWHKzAmmu9ppsgxsg4b2I7c90JZudIQ=="],

    "vitefu": ["vitefu@1.1.1", "", { "peerDependencies": { "vite": "^3.0.0 || ^4.0.0 || ^5.0.0 || ^6.0.0 || ^7.0.0-beta.0" }, "optionalPeers": ["vite"] }, "sha512-B/Fegf3i8zh0yFbpzZ21amWzHmuNlLlmJT6n7bu5e+pCHUKQIfXSYokrqOBGEMMe9UG2sostKQF9mml/vYaWJQ=="],

    "wrap-ansi": ["wrap-ansi@9.0.2", "", { "dependencies": { "ansi-styles": "^6.2.1", "string-width": "^7.0.0", "strip-ansi": "^7.1.0" } }, "sha512-42AtmgqjV+X1VpdOfyTGOYRi0/zsoLqtXQckTmqTeybT+BDIbM/Guxo7x3pE2vtpr1ok6xRqM9OpBe+Jyoqyww=="],

    "yaml": ["yaml@2.8.1", "", { "bin": { "yaml": "bin.mjs" } }, "sha512-lcYcMxX2PO9XMGvAJkJ3OsNMw+/7FKes7/hgerGUYWIoWu5j/+YQqcZr5JnPZWzOsEBgMbSbiSTn/dv/69Mkpw=="],

    "zimmerframe": ["zimmerframe@1.1.4", "", {}, "sha512-B58NGBEoc8Y9MWWCQGl/gq9xBCe4IiKM0a2x7GZdQKOW5Exr8S1W24J6OgM1njK8xCRGvAJIL/MxXHf6SkmQKQ=="],

    "@rollup/plugin-commonjs/is-reference": ["is-reference@1.2.1", "", { "dependencies": { "@types/estree": "*" } }, "sha512-U82MsXXiFIrjCK4otLT+o2NA2Cd2g5MLoOVXUZjIOhLurrRxpEXzI8O0KZHr3IjLvlAH1kTPYSuqer5T9ZVBKQ=="],

    "micromatch/picomatch": ["picomatch@2.3.1", "", {}, "sha512-JU3teHTNjmE2VCGFzuY8EXzCDVwEqB2a8fsIvwaStHhAWJEeVd1o1QD80CU6+ZdEXXSLbSsuLwJjkCBWqRQUVA=="],

    "svelte-adapter-bun/sirv": ["sirv@file:../../packages/sirv", {}],

    "wrap-ansi/string-width": ["string-width@7.2.0", "", { "dependencies": { "emoji-regex": "^10.3.0", "get-east-asian-width": "^1.0.0", "strip-ansi": "^7.1.0" } }, "sha512-tsaTIkKW9b4N+AEj+SVA+WhJzV7/zMhcSu78mLKWSk7cXMOSHsBKFWUs0fWwq8QyK3MgJBQRX6Gbi4kYbdvGkQ=="],
  }
}
